
Microsoft Visual Studio Solution File, Format Version 12.00
# Visual Studio Version 17
VisualStudioVersion = 17.8.34330.188
MinimumVisualStudioVersion = 10.0.40219.1
Project("{FAE04EC0-301F-11D3-BF4B-00C04F79EFBC}") = "ReUptime", "ReUptime\ReUptime.csproj", "{58776949-E5E2-4888-B2DF-D399FFF7E5AD}"
EndProject
Global
	GlobalSection(SolutionConfigurationPlatforms) = preSolution
		Debug|Any CPU = Debug|Any CPU
		Release|Any CPU = Release|Any CPU
	EndGlobalSection
	GlobalSection(ProjectConfigurationPlatforms) = postSolution
		{58776949-E5E2-4888-B2DF-D399FFF7E5AD}.Debug|Any CPU.ActiveCfg = Debug|Any CPU
		{58776949-E5E2-4888-B2DF-D399FFF7E5AD}.Debug|Any CPU.Build.0 = Debug|Any CPU
		{58776949-E5E2-4888-B2DF-D399FFF7E5AD}.Release|Any CPU.ActiveCfg = Release|Any CPU
		{58776949-E5E2-4888-B2DF-D399FFF7E5AD}.Release|Any CPU.Build.0 = Release|Any CPU
	EndGlobalSection
	GlobalSection(SolutionProperties) = preSolution
		HideSolutionNode = FALSE
	EndGlobalSection
	GlobalSection(ExtensibilityGlobals) = postSolution
		SolutionGuid = {208002B1-EE3F-4D6B-A5EE-5EB54D25E43A}
	EndGlobalSection
EndGlobal
